<?xml version="1.0" encoding="utf-8"?>
<Project ToolsVersion="4.0" xmlns="http://schemas.microsoft.com/developer/msbuild/2003">
  <ItemGroup>
    <ClCompile Include="playground.cpp">
      <Filter>Game</Filter>
    </ClCompile>
    <ClCompile Include="loadingScene.cpp">
      <Filter>Game</Filter>
    </ClCompile>
    <ClCompile Include="winAPI.cpp">
      <Filter>Window</Filter>
    </ClCompile>
    <ClCompile Include="gameScene.cpp">
      <Filter>Game\GameScene</Filter>
    </ClCompile>
    <ClCompile Include="character.cpp">
      <Filter>Game\GameScene\Characters</Filter>
    </ClCompile>
    <ClCompile Include="player.cpp">
      <Filter>Game\GameScene\Characters</Filter>
    </ClCompile>
    <ClCompile Include="enemy.cpp">
      <Filter>Game\GameScene\Characters\Enemies</Filter>
    </ClCompile>
    <ClCompile Include="normalEnemy.cpp">
      <Filter>Game\GameScene\Characters\Enemies</Filter>
    </ClCompile>
    <ClCompile Include="boss.cpp">
      <Filter>Game\GameScene\Characters\Enemies</Filter>
    </ClCompile>
    <ClCompile Include="shop.cpp">
      <Filter>Game\GameScene\Shop</Filter>
    </ClCompile>
    <ClCompile Include="stdafx.cpp">
      <Filter>Window</Filter>
    </ClCompile>
    <ClCompile Include="item.cpp">
      <Filter>Game\GameScene\Items</Filter>
    </ClCompile>
    <ClCompile Include="weapon.cpp">
      <Filter>Game\GameScene\Items</Filter>
    </ClCompile>
    <ClCompile Include="coin.cpp">
      <Filter>Game\GameScene\Items</Filter>
    </ClCompile>
    <ClCompile Include="map_.cpp">
      <Filter>Game\GameScene\Maps</Filter>
    </ClCompile>
    <ClCompile Include="map2.cpp">
      <Filter>Game\GameScene\Maps</Filter>
    </ClCompile>
    <ClCompile Include="map1.cpp">
      <Filter>Game\GameScene\Maps</Filter>
    </ClCompile>
    <ClCompile Include="animation.cpp">
      <Filter>Framework\Image-Related</Filter>
    </ClCompile>
    <ClCompile Include="effect.cpp">
      <Filter>Framework\Image-Related</Filter>
    </ClCompile>
    <ClCompile Include="effectManager.cpp">
      <Filter>Framework\Image-Related</Filter>
    </ClCompile>
    <ClCompile Include="image.cpp">
      <Filter>Framework\Image-Related</Filter>
    </ClCompile>
    <ClCompile Include="imageManager.cpp">
      <Filter>Framework\Image-Related</Filter>
    </ClCompile>
    <ClCompile Include="iniDataManager.cpp">
      <Filter>Framework\Text-Related</Filter>
    </ClCompile>
    <ClCompile Include="keyAnimManager.cpp">
      <Filter>Framework\Image-Related</Filter>
    </ClCompile>
    <ClCompile Include="keyManager.cpp">
      <Filter>Framework\UserInput-Related</Filter>
    </ClCompile>
    <ClCompile Include="progressBar.cpp">
      <Filter>Framework\Image-Related</Filter>
    </ClCompile>
    <ClCompile Include="soundManager.cpp">
      <Filter>Framework\Sound-Related</Filter>
    </ClCompile>
    <ClCompile Include="gameNode.cpp">
      <Filter>Framework\Others</Filter>
    </ClCompile>
    <ClCompile Include="sceneManager.cpp">
      <Filter>Framework\Others</Filter>
    </ClCompile>
    <ClCompile Include="timeManager.cpp">
      <Filter>Framework\Others</Filter>
    </ClCompile>
    <ClCompile Include="timer.cpp">
      <Filter>Framework\Others</Filter>
    </ClCompile>
    <ClCompile Include="utils.cpp">
      <Filter>Framework\Others</Filter>
    </ClCompile>
    <ClCompile Include="consumable.cpp">
      <Filter>Game\GameScene\Shop</Filter>
    </ClCompile>
    <ClCompile Include="equippable.cpp">
      <Filter>Game\GameScene\Shop</Filter>
    </ClCompile>
    <ClCompile Include="Lines.cpp">
      <Filter>Framework\Text-Related</Filter>
    </ClCompile>
    <ClCompile Include="LineManager.cpp">
      <Filter>Framework\Text-Related</Filter>
    </ClCompile>
    <ClCompile Include="map3.cpp">
      <Filter>Game\GameScene\Maps</Filter>
    </ClCompile>
    <ClCompile Include="map4.cpp">
      <Filter>Game\GameScene\Maps</Filter>
    </ClCompile>
    <ClCompile Include="map4-2.cpp">
      <Filter>Game\GameScene\Maps</Filter>
    </ClCompile>
    <ClCompile Include="map5.cpp">
      <Filter>Game\GameScene\Maps</Filter>
    </ClCompile>
    <ClCompile Include="MainScene.cpp">
      <Filter>Game</Filter>
    </ClCompile>
    <ClCompile Include="gameScene_MenuFunctions.cpp">
      <Filter>Game\GameScene</Filter>
    </ClCompile>
  </ItemGroup>
  <ItemGroup>
    <ClInclude Include="playground.h">
      <Filter>Game</Filter>
    </ClInclude>
    <ClInclude Include="loadingScene.h">
      <Filter>Game</Filter>
    </ClInclude>
    <ClInclude Include="Resource.h">
      <Filter>Window</Filter>
    </ClInclude>
    <ClInclude Include="targetver.h">
      <Filter>Window</Filter>
    </ClInclude>
    <ClInclude Include="winAPI.h">
      <Filter>Window</Filter>
    </ClInclude>
    <ClInclude Include="gameScene.h">
      <Filter>Game\GameScene</Filter>
    </ClInclude>
    <ClInclude Include="character.h">
      <Filter>Game\GameScene\Characters</Filter>
    </ClInclude>
    <ClInclude Include="player.h">
      <Filter>Game\GameScene\Characters</Filter>
    </ClInclude>
    <ClInclude Include="enemy.h">
      <Filter>Game\GameScene\Characters\Enemies</Filter>
    </ClInclude>
    <ClInclude Include="normalEnemy.h">
      <Filter>Game\GameScene\Characters\Enemies</Filter>
    </ClInclude>
    <ClInclude Include="boss.h">
      <Filter>Game\GameScene\Characters\Enemies</Filter>
    </ClInclude>
    <ClInclude Include="shop.h">
      <Filter>Game\GameScene\Shop</Filter>
    </ClInclude>
    <ClInclude Include="stdafx.h">
      <Filter>Window</Filter>
    </ClInclude>
    <ClInclude Include="item.h">
      <Filter>Game\GameScene\Items</Filter>
    </ClInclude>
    <ClInclude Include="weapon.h">
      <Filter>Game\GameScene\Items</Filter>
    </ClInclude>
    <ClInclude Include="coin.h">
      <Filter>Game\GameScene\Items</Filter>
    </ClInclude>
    <ClInclude Include="map_.h">
      <Filter>Game\GameScene\Maps</Filter>
    </ClInclude>
    <ClInclude Include="map2.h">
      <Filter>Game\GameScene\Maps</Filter>
    </ClInclude>
    <ClInclude Include="map1.h">
      <Filter>Game\GameScene\Maps</Filter>
    </ClInclude>
    <ClInclude Include="animation.h">
      <Filter>Framework\Image-Related</Filter>
    </ClInclude>
    <ClInclude Include="effect.h">
      <Filter>Framework\Image-Related</Filter>
    </ClInclude>
    <ClInclude Include="effectManager.h">
      <Filter>Framework\Image-Related</Filter>
    </ClInclude>
    <ClInclude Include="image.h">
      <Filter>Framework\Image-Related</Filter>
    </ClInclude>
    <ClInclude Include="imageManager.h">
      <Filter>Framework\Image-Related</Filter>
    </ClInclude>
    <ClInclude Include="iniDataManager.h">
      <Filter>Framework\Text-Related</Filter>
    </ClInclude>
    <ClInclude Include="keyAnimManager.h">
      <Filter>Framework\Image-Related</Filter>
    </ClInclude>
    <ClInclude Include="keyManager.h">
      <Filter>Framework\UserInput-Related</Filter>
    </ClInclude>
    <ClInclude Include="progressBar.h">
      <Filter>Framework\Image-Related</Filter>
    </ClInclude>
    <ClInclude Include="soundManager.h">
      <Filter>Framework\Sound-Related</Filter>
    </ClInclude>
    <ClInclude Include="gameNode.h">
      <Filter>Framework\Others</Filter>
    </ClInclude>
    <ClInclude Include="randomNumber.h">
      <Filter>Framework\Others</Filter>
    </ClInclude>
    <ClInclude Include="sceneManager.h">
      <Filter>Framework\Others</Filter>
    </ClInclude>
    <ClInclude Include="singleton.h">
      <Filter>Framework\Others</Filter>
    </ClInclude>
    <ClInclude Include="timeManager.h">
      <Filter>Framework\Others</Filter>
    </ClInclude>
    <ClInclude Include="timer.h">
      <Filter>Framework\Others</Filter>
    </ClInclude>
    <ClInclude Include="utils.h">
      <Filter>Framework\Others</Filter>
    </ClInclude>
    <ClInclude Include="consumable.h">
      <Filter>Game\GameScene\Shop</Filter>
    </ClInclude>
    <ClInclude Include="equippable.h">
      <Filter>Game\GameScene\Shop</Filter>
    </ClInclude>
    <ClInclude Include="Lines.h">
      <Filter>Framework\Text-Related</Filter>
    </ClInclude>
    <ClInclude Include="LineManager.h">
      <Filter>Framework\Text-Related</Filter>
    </ClInclude>
    <ClInclude Include="map3.h">
      <Filter>Game\GameScene\Maps</Filter>
    </ClInclude>
    <ClInclude Include="map4.h">
      <Filter>Game\GameScene\Maps</Filter>
    </ClInclude>
    <ClInclude Include="map4-2.h">
      <Filter>Game\GameScene\Maps</Filter>
    </ClInclude>
    <ClInclude Include="map5.h">
      <Filter>Game\GameScene\Maps</Filter>
    </ClInclude>
    <ClInclude Include="MainScene.h">
      <Filter>Game</Filter>
    </ClInclude>
  </ItemGroup>
  <ItemGroup>
    <Image Include="small.ico">
      <Filter>Window</Filter>
    </Image>
    <Image Include="winAPI.ico">
      <Filter>Window</Filter>
    </Image>
  </ItemGroup>
  <ItemGroup>
    <Filter Include="Framework">
      <UniqueIdentifier>{e103e39f-5594-44b2-895f-5e74691204f4}</UniqueIdentifier>
    </Filter>
    <Filter Include="Game">
      <UniqueIdentifier>{04d218e9-52eb-492a-a306-4c9d202df0e0}</UniqueIdentifier>
    </Filter>
    <Filter Include="Window">
      <UniqueIdentifier>{4113a4ab-ebe1-462c-a73f-748100d07ae0}</UniqueIdentifier>
    </Filter>
    <Filter Include="Game\GameScene">
      <UniqueIdentifier>{5f081608-2bfb-412f-a022-cb885c08ca23}</UniqueIdentifier>
    </Filter>
    <Filter Include="Game\GameScene\Characters">
      <UniqueIdentifier>{e7bb66d9-212a-4b15-a20f-cb2bf5eb6063}</UniqueIdentifier>
    </Filter>
    <Filter Include="Game\GameScene\Characters\Enemies">
      <UniqueIdentifier>{e53056a4-6a9b-42ef-99a0-a5577bd9a77b}</UniqueIdentifier>
    </Filter>
    <Filter Include="Game\GameScene\Shop">
      <UniqueIdentifier>{71f3327b-6ed1-44c4-8fbd-2fe279cc01f5}</UniqueIdentifier>
    </Filter>
    <Filter Include="Game\GameScene\Items">
      <UniqueIdentifier>{a2a88be5-45da-4cf7-986c-9a1e2b8a09fc}</UniqueIdentifier>
    </Filter>
    <Filter Include="Game\GameScene\Maps">
      <UniqueIdentifier>{84e20732-addf-4c1e-9ed4-1592accc4b8d}</UniqueIdentifier>
    </Filter>
    <Filter Include="Framework\Image-Related">
      <UniqueIdentifier>{8bf80767-4b46-4986-a08d-78f27a65ac62}</UniqueIdentifier>
    </Filter>
    <Filter Include="Framework\Text-Related">
      <UniqueIdentifier>{99e3a34b-3ddb-40bc-82cf-355a1523efb7}</UniqueIdentifier>
    </Filter>
    <Filter Include="Framework\UserInput-Related">
      <UniqueIdentifier>{ceb6a6e5-8f8d-4b69-a3d1-16914a1807cf}</UniqueIdentifier>
    </Filter>
    <Filter Include="Framework\Sound-Related">
      <UniqueIdentifier>{9c558740-0039-440e-bd4e-34f6622b22c9}</UniqueIdentifier>
    </Filter>
    <Filter Include="Framework\Others">
      <UniqueIdentifier>{edb7a47b-f903-4726-b939-c6a7da5f231d}</UniqueIdentifier>
    </Filter>
  </ItemGroup>
  <ItemGroup>
    <ResourceCompile Include="winAPI.rc">
      <Filter>Window</Filter>
    </ResourceCompile>
  </ItemGroup>
</Project>